PODS:
  - Bolts (1.1.3)
  - LayerKit (0.7.14)
  - MCSwipeTableViewCell (2.1.2)
  - Parse (1.4.2):
    - Bolts (~> 1.1.3)

DEPENDENCIES:
  - LayerKit
  - MCSwipeTableViewCell (~> 2.1)
  - Parse

SPEC CHECKSUMS:
  Bolts: 3db0a875235e0c9042b013af13af0f00f79b102c
  LayerKit: fde932ab71903d0afea2a1d34ae6a8e93d425697
  MCSwipeTableViewCell: 8e78ff197ab06ba7bfd5c938a00149de8a33afa9
  Parse: fc9ceb6edbc6bb6a1a1f3c33f0db3293a6894f94

COCOAPODS: 0.34.1
