<?xml version="1.0" encoding="UTF-8"?>
<!DOCTYPE plist PUBLIC "-//Apple//DTD PLIST 1.0//EN" "http://www.apple.com/DTDs/PropertyList-1.0.dtd">
<plist version="1.0">
<dict>
	<key>archiveVersion</key>
	<string>1</string>
	<key>classes</key>
	<dict/>
	<key>objectVersion</key>
	<string>46</string>
	<key>objects</key>
	<dict>
		<key>3266551A0AB94E1C878E3745</key>
		<dict>
			<key>fileRef</key>
			<string>5155F7F179764D11B5471A81</string>
			<key>isa</key>
			<string>PBXBuildFile</string>
		</dict>
		<key>5155F7F179764D11B5471A81</key>
		<dict>
			<key>explicitFileType</key>
			<string>archive.ar</string>
			<key>includeInIndex</key>
			<string>0</string>
			<key>isa</key>
			<string>PBXFileReference</string>
			<key>path</key>
			<string>libPods.a</string>
			<key>sourceTree</key>
			<string>BUILT_PRODUCTS_DIR</string>
		</dict>
		<key>6C98C11763F6FD5F56113026</key>
		<dict>
			<key>includeInIndex</key>
			<string>1</string>
			<key>isa</key>
			<string>PBXFileReference</string>
			<key>lastKnownFileType</key>
			<string>text.xcconfig</string>
			<key>name</key>
			<string>Pods.debug.xcconfig</string>
			<key>path</key>
			<string>Pods/Target Support Files/Pods/Pods.debug.xcconfig</string>
			<key>sourceTree</key>
			<string>&lt;group&gt;</string>
		</dict>
		<key>A540E37B64C74E609620AFED</key>
		<dict>
			<key>buildActionMask</key>
			<string>2147483647</string>
			<key>files</key>
			<array/>
			<key>inputPaths</key>
			<array/>
			<key>isa</key>
			<string>PBXShellScriptBuildPhase</string>
			<key>name</key>
			<string>Check Pods Manifest.lock</string>
			<key>outputPaths</key>
			<array/>
			<key>runOnlyForDeploymentPostprocessing</key>
			<string>0</string>
			<key>shellPath</key>
			<string>/bin/sh</string>
			<key>shellScript</key>
			<string>diff "${PODS_ROOT}/../Podfile.lock" "${PODS_ROOT}/Manifest.lock" &gt; /dev/null
if [[ $? != 0 ]] ; then
    cat &lt;&lt; EOM
error: The sandbox is not in sync with the Podfile.lock. Run 'pod install' or update your CocoaPods installation.
EOM
    exit 1
fi
</string>
			<key>showEnvVarsInLog</key>
			<string>0</string>
		</dict>
		<key>C233800D5D474A9B98D25203</key>
		<dict>
			<key>buildActionMask</key>
			<string>2147483647</string>
			<key>files</key>
			<array/>
			<key>inputPaths</key>
			<array/>
			<key>isa</key>
			<string>PBXShellScriptBuildPhase</string>
			<key>name</key>
			<string>Copy Pods Resources</string>
			<key>outputPaths</key>
			<array/>
			<key>runOnlyForDeploymentPostprocessing</key>
			<string>0</string>
			<key>shellPath</key>
			<string>/bin/sh</string>
			<key>shellScript</key>
			<string>"${SRCROOT}/Pods/Target Support Files/Pods/Pods-resources.sh"
</string>
			<key>showEnvVarsInLog</key>
			<string>0</string>
		</dict>
		<key>D97971144DB986303EF29DAE</key>
		<dict>
			<key>children</key>
			<array>
				<string>6C98C11763F6FD5F56113026</string>
				<string>E075C17DA644321BF886DFC4</string>
			</array>
			<key>isa</key>
			<string>PBXGroup</string>
			<key>name</key>
			<string>Pods</string>
			<key>sourceTree</key>
			<string>&lt;group&gt;</string>
		</dict>
		<key>E05B0DA9199F6AF4004E5557</key>
		<dict>
			<key>buildActionMask</key>
			<string>2147483647</string>
			<key>files</key>
			<array/>
			<key>inputPaths</key>
			<array/>
			<key>isa</key>
			<string>PBXShellScriptBuildPhase</string>
			<key>name</key>
			<string>Export Sketch Assets</string>
			<key>outputPaths</key>
			<array/>
			<key>runOnlyForDeploymentPostprocessing</key>
			<string>0</string>
			<key>shellPath</key>
			<string>/bin/sh</string>
			<key>shellScript</key>
			<string>#AppIcon
sketchtool export artboards "$PROJECT_DIR"/"Graphics Resources/AppIcon.sketch" --output="$PROJECT_DIR"/"$PROJECT_NAME"/Images.xcassets/AppIcon.appiconset --formats="png"
#LaunchImage
sketchtool export artboards "$PROJECT_DIR"/"Graphics Resources/LaunchImage.sketch" --output="$PROJECT_DIR"/"$PROJECT_NAME"/Images.xcassets/LaunchImage.launchimage --formats="png"

##Login/Signup Screens
#Background0
sketchtool export artboards "$PROJECT_DIR"/"Graphics Resources/Background0.sketch" --output="$PROJECT_DIR"/"$PROJECT_NAME"/Images.xcassets/Background0.imageset --formats="png"
#Background1
sketchtool export artboards "$PROJECT_DIR"/"Graphics Resources/Background1.sketch" --output="$PROJECT_DIR"/"$PROJECT_NAME"/Images.xcassets/Background1.imageset --formats="png"
#Background2
sketchtool export artboards "$PROJECT_DIR"/"Graphics Resources/Background2.sketch" --output="$PROJECT_DIR"/"$PROJECT_NAME"/Images.xcassets/Background2.imageset --formats="png"
#LoginButton
sketchtool export artboards "$PROJECT_DIR"/"Graphics Resources/LoginButton.sketch" --output="$PROJECT_DIR"/"$PROJECT_NAME"/Images.xcassets/LoginButton.imageset --formats="png"
#SignupButton
sketchtool export artboards "$PROJECT_DIR"/"Graphics Resources/SignupButton.sketch" --output="$PROJECT_DIR"/"$PROJECT_NAME"/Images.xcassets/SignupButton.imageset --formats="png"
#DoneButton
sketchtool export artboards "$PROJECT_DIR"/"Graphics Resources/DoneButton.sketch" --output="$PROJECT_DIR"/"$PROJECT_NAME"/Images.xcassets/DoneButton.imageset --formats="png"
#CancelLoginSignup
sketchtool export artboards "$PROJECT_DIR"/"Graphics Resources/CancelLoginSignup.sketch" --output="$PROJECT_DIR"/"$PROJECT_NAME"/Images.xcassets/CancelLoginSignup.imageset --formats="png"


##Tab Bar items
#UnselectedMessages
sketchtool export artboards "$PROJECT_DIR"/"Graphics Resources/UnselectedMessages.sketch" --output="$PROJECT_DIR"/"$PROJECT_NAME"/Images.xcassets/UnselectedMessages.imageset --formats="png"
#SelectedMessages
sketchtool export artboards "$PROJECT_DIR"/"Graphics Resources/SelectedMessages.sketch" --output="$PROJECT_DIR"/"$PROJECT_NAME"/Images.xcassets/SelectedMessages.imageset --formats="png"
#UnselectedContacts
sketchtool export artboards "$PROJECT_DIR"/"Graphics Resources/UnselectedContacts.sketch" --output="$PROJECT_DIR"/"$PROJECT_NAME"/Images.xcassets/UnselectedContacts.imageset --formats="png"
#SelectedContacts
sketchtool export artboards "$PROJECT_DIR"/"Graphics Resources/SelectedContacts.sketch" --output="$PROJECT_DIR"/"$PROJECT_NAME"/Images.xcassets/SelectedContacts.imageset --formats="png"

##HomepageTVC
#AddConversation
sketchtool export artboards "$PROJECT_DIR"/"Graphics Resources/AddConversation.sketch" --output="$PROJECT_DIR"/"$PROJECT_NAME"/Images.xcassets/AddConversation.imageset --formats="png"
#New
sketchtool export artboards "$PROJECT_DIR"/"Graphics Resources/New.sketch" --output="$PROJECT_DIR"/"$PROJECT_NAME"/Images.xcassets/New.imageset --formats="png"
#ReadCircle
sketchtool export artboards "$PROJECT_DIR"/"Graphics Resources/ReadCircle.sketch" --output="$PROJECT_DIR"/"$PROJECT_NAME"/Images.xcassets/ReadCircle.imageset --formats="png"
#UnreadCircle
sketchtool export artboards "$PROJECT_DIR"/"Graphics Resources/UnreadCircle.sketch" --output="$PROJECT_DIR"/"$PROJECT_NAME"/Images.xcassets/UnreadCircle.imageset --formats="png"
#AskCell
sketchtool export artboards "$PROJECT_DIR"/"Graphics Resources/AskCell.sketch" --output="$PROJECT_DIR"/"$PROJECT_NAME"/Images.xcassets/AskCell.imageset --formats="png"
#TellCell
sketchtool export artboards "$PROJECT_DIR"/"Graphics Resources/TellCell.sketch" --output="$PROJECT_DIR"/"$PROJECT_NAME"/Images.xcassets/TellCell.imageset --formats="png"
#DownArrow
sketchtool export artboards "$PROJECT_DIR"/"Graphics Resources/DownArrow.sketch" --output="$PROJECT_DIR"/"$PROJECT_NAME"/Images.xcassets/DownArrow.imageset --formats="png"
#UpArrow
sketchtool export artboards "$PROJECT_DIR"/"Graphics Resources/UpArrow.sketch" --output="$PROJECT_DIR"/"$PROJECT_NAME"/Images.xcassets/UpArrow.imageset --formats="png"

##AddressBookTVC
#AddContacts
sketchtool export artboards "$PROJECT_DIR"/"Graphics Resources/AddContacts.sketch" --output="$PROJECT_DIR"/"$PROJECT_NAME"/Images.xcassets/AddContacts.imageset --formats="png"
#AddNew
sketchtool export artboards "$PROJECT_DIR"/"Graphics Resources/AddNew.sketch" --output="$PROJECT_DIR"/"$PROJECT_NAME"/Images.xcassets/AddNew.imageset --formats="png"
#Settings
sketchtool export artboards "$PROJECT_DIR"/"Graphics Resources/Settings.sketch" --output="$PROJECT_DIR"/"$PROJECT_NAME"/Images.xcassets/Settings.imageset --formats="png"
#UnselectedCircle
sketchtool export artboards "$PROJECT_DIR"/"Graphics Resources/UnselectedCircle.sketch" --output="$PROJECT_DIR"/"$PROJECT_NAME"/Images.xcassets/UnselectedCircle.imageset --formats="png"
#SelectedCircle
sketchtool export artboards "$PROJECT_DIR"/"Graphics Resources/SelectedCircle.sketch" --output="$PROJECT_DIR"/"$PROJECT_NAME"/Images.xcassets/SelectedCircle.imageset --formats="png"

##AddContactsTVC
#UnselectedNewContact
sketchtool export artboards "$PROJECT_DIR"/"Graphics Resources/UnselectedNewContact.sketch" --output="$PROJECT_DIR"/"$PROJECT_NAME"/Images.xcassets/UnselectedNewContact.imageset --formats="png"

##OptionsTVC
#AskUnselected
sketchtool export artboards "$PROJECT_DIR"/"Graphics Resources/AskUnselected.sketch" --output="$PROJECT_DIR"/"$PROJECT_NAME"/Images.xcassets/AskUnselected.imageset --formats="png"
#AskSelected
sketchtool export artboards "$PROJECT_DIR"/"Graphics Resources/AskSelected.sketch" --output="$PROJECT_DIR"/"$PROJECT_NAME"/Images.xcassets/AskSelected.imageset --formats="png"
#TellUnselected
sketchtool export artboards "$PROJECT_DIR"/"Graphics Resources/TellUnselected.sketch" --output="$PROJECT_DIR"/"$PROJECT_NAME"/Images.xcassets/TellUnselected.imageset --formats="png"
#TellSelected
sketchtool export artboards "$PROJECT_DIR"/"Graphics Resources/TellSelected.sketch" --output="$PROJECT_DIR"/"$PROJECT_NAME"/Images.xcassets/TellSelected.imageset --formats="png"
#TextUnselected
sketchtool export artboards "$PROJECT_DIR"/"Graphics Resources/TextUnselected.sketch" --output="$PROJECT_DIR"/"$PROJECT_NAME"/Images.xcassets/TextUnselected.imageset --formats="png"
#TextSelected
sketchtool export artboards "$PROJECT_DIR"/"Graphics Resources/TextSelected.sketch" --output="$PROJECT_DIR"/"$PROJECT_NAME"/Images.xcassets/TextSelected.imageset --formats="png"
#DirectionsUnselected
sketchtool export artboards "$PROJECT_DIR"/"Graphics Resources/DirectionsUnselected.sketch" --output="$PROJECT_DIR"/"$PROJECT_NAME"/Images.xcassets/DirectionsUnselected.imageset --formats="png"
#DirectionsSelected
sketchtool export artboards "$PROJECT_DIR"/"Graphics Resources/DirectionsSelected.sketch" --output="$PROJECT_DIR"/"$PROJECT_NAME"/Images.xcassets/DirectionsSelected.imageset --formats="png"
#MapUnselected
sketchtool export artboards "$PROJECT_DIR"/"Graphics Resources/MapUnselected.sketch" --output="$PROJECT_DIR"/"$PROJECT_NAME"/Images.xcassets/MapUnselected.imageset --formats="png"
#MapSelected
sketchtool export artboards "$PROJECT_DIR"/"Graphics Resources/MapSelected.sketch" --output="$PROJECT_DIR"/"$PROJECT_NAME"/Images.xcassets/MapSelected.imageset --formats="png"
#Close
sketchtool export artboards "$PROJECT_DIR"/"Graphics Resources/Close.sketch" --output="$PROJECT_DIR"/"$PROJECT_NAME"/Images.xcassets/Close.imageset --formats="png"
















</string>
		</dict>
		<key>E05B0DAA19A06C08004E5557</key>
		<dict>
			<key>isa</key>
			<string>PBXFileReference</string>
			<key>lastKnownFileType</key>
			<string>wrapper.framework</string>
			<key>name</key>
			<string>SystemConfiguration.framework</string>
			<key>path</key>
			<string>System/Library/Frameworks/SystemConfiguration.framework</string>
			<key>sourceTree</key>
			<string>SDKROOT</string>
		</dict>
		<key>E05B0DAB19A06C08004E5557</key>
		<dict>
			<key>fileRef</key>
			<string>E05B0DAA19A06C08004E5557</string>
			<key>isa</key>
			<string>PBXBuildFile</string>
		</dict>
		<key>E05B0DAC19A06C0F004E5557</key>
		<dict>
			<key>isa</key>
			<string>PBXFileReference</string>
			<key>lastKnownFileType</key>
			<string>wrapper.framework</string>
			<key>name</key>
			<string>Security.framework</string>
			<key>path</key>
			<string>System/Library/Frameworks/Security.framework</string>
			<key>sourceTree</key>
			<string>SDKROOT</string>
		</dict>
		<key>E05B0DAD19A06C0F004E5557</key>
		<dict>
			<key>fileRef</key>
			<string>E05B0DAC19A06C0F004E5557</string>
			<key>isa</key>
			<string>PBXBuildFile</string>
		</dict>
		<key>E05B0DAE19A06C18004E5557</key>
		<dict>
			<key>isa</key>
			<string>PBXFileReference</string>
			<key>lastKnownFileType</key>
			<string>wrapper.framework</string>
			<key>name</key>
			<string>QuartzCore.framework</string>
			<key>path</key>
			<string>System/Library/Frameworks/QuartzCore.framework</string>
			<key>sourceTree</key>
			<string>SDKROOT</string>
		</dict>
		<key>E05B0DAF19A06C18004E5557</key>
		<dict>
			<key>fileRef</key>
			<string>E05B0DAE19A06C18004E5557</string>
			<key>isa</key>
			<string>PBXBuildFile</string>
		</dict>
		<key>E05B0DB019A06C1F004E5557</key>
		<dict>
			<key>isa</key>
			<string>PBXFileReference</string>
			<key>lastKnownFileType</key>
			<string>wrapper.framework</string>
			<key>name</key>
			<string>MobileCoreServices.framework</string>
			<key>path</key>
			<string>System/Library/Frameworks/MobileCoreServices.framework</string>
			<key>sourceTree</key>
			<string>SDKROOT</string>
		</dict>
		<key>E05B0DB119A06C1F004E5557</key>
		<dict>
			<key>fileRef</key>
			<string>E05B0DB019A06C1F004E5557</string>
			<key>isa</key>
			<string>PBXBuildFile</string>
		</dict>
		<key>E05B0DB219A06C31004E5557</key>
		<dict>
			<key>isa</key>
			<string>PBXFileReference</string>
			<key>lastKnownFileType</key>
			<string>compiled.mach-o.dylib</string>
			<key>name</key>
			<string>libz.dylib</string>
			<key>path</key>
			<string>usr/lib/libz.dylib</string>
			<key>sourceTree</key>
			<string>SDKROOT</string>
		</dict>
		<key>E05B0DB319A06C31004E5557</key>
		<dict>
			<key>fileRef</key>
			<string>E05B0DB219A06C31004E5557</string>
			<key>isa</key>
			<string>PBXBuildFile</string>
		</dict>
		<key>E05B0DB419A06C51004E5557</key>
		<dict>
			<key>isa</key>
			<string>PBXFileReference</string>
			<key>lastKnownFileType</key>
			<string>wrapper.framework</string>
			<key>name</key>
			<string>MapKit.framework</string>
			<key>path</key>
			<string>System/Library/Frameworks/MapKit.framework</string>
			<key>sourceTree</key>
			<string>SDKROOT</string>
		</dict>
		<key>E05B0DB519A06C51004E5557</key>
		<dict>
			<key>fileRef</key>
			<string>E05B0DB419A06C51004E5557</string>
			<key>isa</key>
			<string>PBXBuildFile</string>
		</dict>
		<key>E05B0DB619A06C59004E5557</key>
		<dict>
			<key>isa</key>
			<string>PBXFileReference</string>
			<key>lastKnownFileType</key>
			<string>wrapper.framework</string>
			<key>name</key>
			<string>CoreLocation.framework</string>
			<key>path</key>
			<string>System/Library/Frameworks/CoreLocation.framework</string>
			<key>sourceTree</key>
			<string>SDKROOT</string>
		</dict>
		<key>E05B0DB719A06C59004E5557</key>
		<dict>
			<key>fileRef</key>
			<string>E05B0DB619A06C59004E5557</string>
			<key>isa</key>
			<string>PBXBuildFile</string>
		</dict>
		<key>E05B0DB819A06C60004E5557</key>
		<dict>
			<key>isa</key>
			<string>PBXFileReference</string>
			<key>lastKnownFileType</key>
			<string>wrapper.framework</string>
			<key>name</key>
			<string>CFNetwork.framework</string>
			<key>path</key>
			<string>System/Library/Frameworks/CFNetwork.framework</string>
			<key>sourceTree</key>
			<string>SDKROOT</string>
		</dict>
		<key>E05B0DB919A06C60004E5557</key>
		<dict>
			<key>fileRef</key>
			<string>E05B0DB819A06C60004E5557</string>
			<key>isa</key>
			<string>PBXBuildFile</string>
		</dict>
		<key>E05B0DBA19A06C66004E5557</key>
		<dict>
			<key>isa</key>
			<string>PBXFileReference</string>
			<key>lastKnownFileType</key>
			<string>wrapper.framework</string>
			<key>name</key>
			<string>AudioToolbox.framework</string>
			<key>path</key>
			<string>System/Library/Frameworks/AudioToolbox.framework</string>
			<key>sourceTree</key>
			<string>SDKROOT</string>
		</dict>
		<key>E05B0DBB19A06C66004E5557</key>
		<dict>
			<key>fileRef</key>
			<string>E05B0DBA19A06C66004E5557</string>
			<key>isa</key>
			<string>PBXBuildFile</string>
		</dict>
		<key>E05B0DBC19A23B0F004E5557</key>
		<dict>
			<key>children</key>
			<array>
				<string>E0822FE5199E9FAB00805420</string>
				<string>E0822FC7199E9FAB00805420</string>
				<string>E0822FD6199E9FAB00805420</string>
				<string>E0822FCF199E9FAB00805420</string>
				<string>E0822FFB199E9FAB00805420</string>
				<string>E0822FFC199E9FAB00805420</string>
				<string>E0822FD4199E9FAB00805420</string>
				<string>E0822FD5199E9FAB00805420</string>
				<string>E0822FCD199E9FAB00805420</string>
				<string>E0822FCE199E9FAB00805420</string>
				<string>E0822FF4199E9FAB00805420</string>
				<string>E0822FD3199E9FAB00805420</string>
				<string>E0822FCB199E9FAB00805420</string>
				<string>E0822FCC199E9FAB00805420</string>
			</array>
			<key>isa</key>
			<string>PBXGroup</string>
			<key>name</key>
			<string>ViewControllers</string>
			<key>sourceTree</key>
			<string>&lt;group&gt;</string>
		</dict>
		<key>E05B0DBD19A23B3E004E5557</key>
		<dict>
			<key>children</key>
			<array>
				<string>E082301E199E9FCC00805420</string>
				<string>E082301F199E9FCD00805420</string>
				<string>E0823022199E9FF000805420</string>
				<string>E0823023199E9FF000805420</string>
				<string>E0823024199E9FF000805420</string>
				<string>E0823021199E9FF000805420</string>
			</array>
			<key>isa</key>
			<string>PBXGroup</string>
			<key>name</key>
			<string>Login/SignupViews</string>
			<key>sourceTree</key>
			<string>&lt;group&gt;</string>
		</dict>
		<key>E05B0DBE19A23B68004E5557</key>
		<dict>
			<key>children</key>
			<array>
				<string>E0822FD0199E9FAB00805420</string>
				<string>E0822FD1199E9FAB00805420</string>
				<string>E0822FE0199E9FAB00805420</string>
				<string>E0822FE1199E9FAB00805420</string>
				<string>E0822FF9199E9FAB00805420</string>
				<string>E0822FFA199E9FAB00805420</string>
				<string>E0822FEF199E9FAB00805420</string>
				<string>E0822FF0199E9FAB00805420</string>
			</array>
			<key>isa</key>
			<string>PBXGroup</string>
			<key>name</key>
			<string>TableViewCellls</string>
			<key>sourceTree</key>
			<string>&lt;group&gt;</string>
		</dict>
		<key>E05B0DBF19A23B7D004E5557</key>
		<dict>
			<key>children</key>
			<array>
				<string>E0822FE7199E9FAB00805420</string>
				<string>E0822FE8199E9FAB00805420</string>
				<string>E0822FC9199E9FAB00805420</string>
				<string>E0822FCA199E9FAB00805420</string>
				<string>E0822FF5199E9FAB00805420</string>
				<string>E0822FF6199E9FAB00805420</string>
				<string>E0822FEA199E9FAB00805420</string>
				<string>E0822FEB199E9FAB00805420</string>
				<string>E0822FE9199E9FAB00805420</string>
				<string>E0822FC8199E9FAB00805420</string>
			</array>
			<key>isa</key>
			<string>PBXGroup</string>
			<key>name</key>
			<string>Controllers</string>
			<key>sourceTree</key>
			<string>&lt;group&gt;</string>
		</dict>
		<key>E05B0DC019A23BCD004E5557</key>
		<dict>
			<key>children</key>
			<array>
				<string>E0822FF3199E9FAB00805420</string>
				<string>E0822FD2199E9FAB00805420</string>
			</array>
			<key>isa</key>
			<string>PBXGroup</string>
			<key>name</key>
			<string>CollectionViewCells</string>
			<key>sourceTree</key>
			<string>&lt;group&gt;</string>
		</dict>
		<key>E05B0DC119A23BE3004E5557</key>
		<dict>
			<key>children</key>
			<array>
				<string>E0822FDE199E9FAB00805420</string>
				<string>E0822FDF199E9FAB00805420</string>
				<string>E0822FFF199E9FAB00805420</string>
				<string>E0823000199E9FAB00805420</string>
				<string>E0822FF7199E9FAB00805420</string>
				<string>E0822FF8199E9FAB00805420</string>
			</array>
			<key>isa</key>
			<string>PBXGroup</string>
			<key>name</key>
			<string>People</string>
			<key>sourceTree</key>
			<string>&lt;group&gt;</string>
		</dict>
		<key>E05B0DC219A23BF9004E5557</key>
		<dict>
			<key>children</key>
			<array>
				<string>E0822FF1199E9FAB00805420</string>
				<string>E0822FF2199E9FAB00805420</string>
			</array>
			<key>isa</key>
			<string>PBXGroup</string>
			<key>name</key>
			<string>Views</string>
			<key>sourceTree</key>
			<string>&lt;group&gt;</string>
		</dict>
		<key>E05B0DC319A23C98004E5557</key>
		<dict>
			<key>children</key>
			<array>
				<string>E0822FFD199E9FAB00805420</string>
				<string>E0822FFE199E9FAB00805420</string>
				<string>E0822FD7199E9FAB00805420</string>
				<string>E0822FD8199E9FAB00805420</string>
			</array>
			<key>isa</key>
			<string>PBXGroup</string>
			<key>name</key>
			<string>BlurImageEffect</string>
			<key>sourceTree</key>
			<string>&lt;group&gt;</string>
		</dict>
		<key>E075C17DA644321BF886DFC4</key>
		<dict>
			<key>includeInIndex</key>
			<string>1</string>
			<key>isa</key>
			<string>PBXFileReference</string>
			<key>lastKnownFileType</key>
			<string>text.xcconfig</string>
			<key>name</key>
			<string>Pods.release.xcconfig</string>
			<key>path</key>
			<string>Pods/Target Support Files/Pods/Pods.release.xcconfig</string>
			<key>sourceTree</key>
			<string>&lt;group&gt;</string>
		</dict>
		<key>E0822FC7199E9FAB00805420</key>
		<dict>
			<key>fileEncoding</key>
			<string>4</string>
			<key>isa</key>
			<string>PBXFileReference</string>
			<key>lastKnownFileType</key>
			<string>sourcecode.c.objc</string>
			<key>path</key>
			<string>HomepageTVC.m</string>
			<key>sourceTree</key>
			<string>&lt;group&gt;</string>
		</dict>
		<key>E0822FC8199E9FAB00805420</key>
		<dict>
			<key>fileEncoding</key>
			<string>4</string>
			<key>isa</key>
			<string>PBXFileReference</string>
			<key>lastKnownFileType</key>
			<string>sourcecode.c.objc</string>
			<key>path</key>
			<string>LayerAPIManager.m</string>
			<key>sourceTree</key>
			<string>&lt;group&gt;</string>
		</dict>
		<key>E0822FC9199E9FAB00805420</key>
		<dict>
			<key>fileEncoding</key>
			<string>4</string>
			<key>isa</key>
			<string>PBXFileReference</string>
			<key>lastKnownFileType</key>
			<string>sourcecode.c.h</string>
			<key>path</key>
			<string>LocationManagerController.h</string>
			<key>sourceTree</key>
			<string>&lt;group&gt;</string>
		</dict>
		<key>E0822FCA199E9FAB00805420</key>
		<dict>
			<key>fileEncoding</key>
			<string>4</string>
			<key>isa</key>
			<string>PBXFileReference</string>
			<key>lastKnownFileType</key>
			<string>sourcecode.c.objc</string>
			<key>path</key>
			<string>LocationManagerController.m</string>
			<key>sourceTree</key>
			<string>&lt;group&gt;</string>
		</dict>
		<key>E0822FCB199E9FAB00805420</key>
		<dict>
			<key>fileEncoding</key>
			<string>4</string>
			<key>isa</key>
			<string>PBXFileReference</string>
			<key>lastKnownFileType</key>
			<string>sourcecode.c.h</string>
			<key>path</key>
			<string>MapVC.h</string>
			<key>sourceTree</key>
			<string>&lt;group&gt;</string>
		</dict>
		<key>E0822FCC199E9FAB00805420</key>
		<dict>
			<key>fileEncoding</key>
			<string>4</string>
			<key>isa</key>
			<string>PBXFileReference</string>
			<key>lastKnownFileType</key>
			<string>sourcecode.c.objc</string>
			<key>path</key>
			<string>MapVC.m</string>
			<key>sourceTree</key>
			<string>&lt;group&gt;</string>
		</dict>
		<key>E0822FCD199E9FAB00805420</key>
		<dict>
			<key>fileEncoding</key>
			<string>4</string>
			<key>isa</key>
			<string>PBXFileReference</string>
			<key>lastKnownFileType</key>
			<string>sourcecode.c.h</string>
			<key>path</key>
			<string>OptionsView.h</string>
			<key>sourceTree</key>
			<string>&lt;group&gt;</string>
		</dict>
		<key>E0822FCE199E9FAB00805420</key>
		<dict>
			<key>fileEncoding</key>
			<string>4</string>
			<key>isa</key>
			<string>PBXFileReference</string>
			<key>lastKnownFileType</key>
			<string>sourcecode.c.objc</string>
			<key>path</key>
			<string>OptionsView.m</string>
			<key>sourceTree</key>
			<string>&lt;group&gt;</string>
		</dict>
		<key>E0822FCF199E9FAB00805420</key>
		<dict>
			<key>fileEncoding</key>
			<string>4</string>
			<key>isa</key>
			<string>PBXFileReference</string>
			<key>lastKnownFileType</key>
			<string>sourcecode.c.objc</string>
			<key>path</key>
			<string>AddressBookTVC.m</string>
			<key>sourceTree</key>
			<string>&lt;group&gt;</string>
		</dict>
		<key>E0822FD0199E9FAB00805420</key>
		<dict>
			<key>fileEncoding</key>
			<string>4</string>
			<key>isa</key>
			<string>PBXFileReference</string>
			<key>lastKnownFileType</key>
			<string>sourcecode.c.h</string>
			<key>path</key>
			<string>HomepageChatCell.h</string>
			<key>sourceTree</key>
			<string>&lt;group&gt;</string>
		</dict>
		<key>E0822FD1199E9FAB00805420</key>
		<dict>
			<key>fileEncoding</key>
			<string>4</string>
			<key>isa</key>
			<string>PBXFileReference</string>
			<key>lastKnownFileType</key>
			<string>sourcecode.c.objc</string>
			<key>path</key>
			<string>HomepageChatCell.m</string>
			<key>sourceTree</key>
			<string>&lt;group&gt;</string>
		</dict>
		<key>E0822FD2199E9FAB00805420</key>
		<dict>
			<key>fileEncoding</key>
			<string>4</string>
			<key>isa</key>
			<string>PBXFileReference</string>
			<key>lastKnownFileType</key>
			<string>sourcecode.c.objc</string>
			<key>path</key>
			<string>MessageCell.m</string>
			<key>sourceTree</key>
			<string>&lt;group&gt;</string>
		</dict>
		<key>E0822FD3199E9FAB00805420</key>
		<dict>
			<key>fileEncoding</key>
			<string>4</string>
			<key>isa</key>
			<string>PBXFileReference</string>
			<key>lastKnownFileType</key>
			<string>sourcecode.c.objc</string>
			<key>path</key>
			<string>MessageCVC.m</string>
			<key>sourceTree</key>
			<string>&lt;group&gt;</string>
		</dict>
		<key>E0822FD4199E9FAB00805420</key>
		<dict>
			<key>fileEncoding</key>
			<string>4</string>
			<key>isa</key>
			<string>PBXFileReference</string>
			<key>lastKnownFileType</key>
			<string>sourcecode.c.h</string>
			<key>path</key>
			<string>AddContacts.h</string>
			<key>sourceTree</key>
			<string>&lt;group&gt;</string>
		</dict>
		<key>E0822FD5199E9FAB00805420</key>
		<dict>
			<key>fileEncoding</key>
			<string>4</string>
			<key>isa</key>
			<string>PBXFileReference</string>
			<key>lastKnownFileType</key>
			<string>sourcecode.c.objc</string>
			<key>path</key>
			<string>AddContacts.m</string>
			<key>sourceTree</key>
			<string>&lt;group&gt;</string>
		</dict>
		<key>E0822FD6199E9FAB00805420</key>
		<dict>
			<key>fileEncoding</key>
			<string>4</string>
			<key>isa</key>
			<string>PBXFileReference</string>
			<key>lastKnownFileType</key>
			<string>sourcecode.c.h</string>
			<key>path</key>
			<string>AddressBookTVC.h</string>
			<key>sourceTree</key>
			<string>&lt;group&gt;</string>
		</dict>
		<key>E0822FD7199E9FAB00805420</key>
		<dict>
			<key>fileEncoding</key>
			<string>4</string>
			<key>isa</key>
			<string>PBXFileReference</string>
			<key>lastKnownFileType</key>
			<string>sourcecode.c.h</string>
			<key>path</key>
			<string>APLViewController.h</string>
			<key>sourceTree</key>
			<string>&lt;group&gt;</string>
		</dict>
		<key>E0822FD8199E9FAB00805420</key>
		<dict>
			<key>fileEncoding</key>
			<string>4</string>
			<key>isa</key>
			<string>PBXFileReference</string>
			<key>lastKnownFileType</key>
			<string>sourcecode.c.objc</string>
			<key>path</key>
			<string>APLViewController.m</string>
			<key>sourceTree</key>
			<string>&lt;group&gt;</string>
		</dict>
		<key>E0822FD9199E9FAB00805420</key>
		<dict>
			<key>children</key>
			<array>
				<string>E0822FDA199E9FAB00805420</string>
				<string>E0822FDC199E9FAB00805420</string>
			</array>
			<key>isa</key>
			<string>PBXGroup</string>
			<key>path</key>
			<string>Base.lproj</string>
			<key>sourceTree</key>
			<string>&lt;group&gt;</string>
		</dict>
		<key>E0822FDA199E9FAB00805420</key>
		<dict>
			<key>children</key>
			<array>
				<string>E0822FDB199E9FAB00805420</string>
			</array>
			<key>isa</key>
			<string>PBXVariantGroup</string>
			<key>name</key>
			<string>Main_iPad.storyboard</string>
			<key>sourceTree</key>
			<string>&lt;group&gt;</string>
		</dict>
		<key>E0822FDB199E9FAB00805420</key>
		<dict>
			<key>isa</key>
			<string>PBXFileReference</string>
			<key>lastKnownFileType</key>
			<string>file.storyboard</string>
			<key>name</key>
			<string>Base</string>
			<key>path</key>
			<string>Main_iPad.storyboard</string>
			<key>sourceTree</key>
			<string>&lt;group&gt;</string>
		</dict>
		<key>E0822FDC199E9FAB00805420</key>
		<dict>
			<key>children</key>
			<array>
				<string>E0822FDD199E9FAB00805420</string>
			</array>
			<key>isa</key>
			<string>PBXVariantGroup</string>
			<key>name</key>
			<string>Main_iPhone.storyboard</string>
			<key>sourceTree</key>
			<string>&lt;group&gt;</string>
		</dict>
		<key>E0822FDD199E9FAB00805420</key>
		<dict>
			<key>isa</key>
			<string>PBXFileReference</string>
			<key>lastKnownFileType</key>
			<string>file.storyboard</string>
			<key>name</key>
			<string>Base</string>
			<key>path</key>
			<string>Main_iPhone.storyboard</string>
			<key>sourceTree</key>
			<string>&lt;group&gt;</string>
		</dict>
		<key>E0822FDE199E9FAB00805420</key>
		<dict>
			<key>fileEncoding</key>
			<string>4</string>
			<key>isa</key>
			<string>PBXFileReference</string>
			<key>lastKnownFileType</key>
			<string>sourcecode.c.h</string>
			<key>path</key>
			<string>Contact.h</string>
			<key>sourceTree</key>
			<string>&lt;group&gt;</string>
		</dict>
		<key>E0822FDF199E9FAB00805420</key>
		<dict>
			<key>fileEncoding</key>
			<string>4</string>
			<key>isa</key>
			<string>PBXFileReference</string>
			<key>lastKnownFileType</key>
			<string>sourcecode.c.objc</string>
			<key>path</key>
			<string>Contact.m</string>
			<key>sourceTree</key>
			<string>&lt;group&gt;</string>
		</dict>
		<key>E0822FE0199E9FAB00805420</key>
		<dict>
			<key>fileEncoding</key>
			<string>4</string>
			<key>isa</key>
			<string>PBXFileReference</string>
			<key>lastKnownFileType</key>
			<string>sourcecode.c.h</string>
			<key>path</key>
			<string>ContactCell.h</string>
			<key>sourceTree</key>
			<string>&lt;group&gt;</string>
		</dict>
		<key>E0822FE1199E9FAB00805420</key>
		<dict>
			<key>fileEncoding</key>
			<string>4</string>
			<key>isa</key>
			<string>PBXFileReference</string>
			<key>lastKnownFileType</key>
			<string>sourcecode.c.objc</string>
			<key>path</key>
			<string>ContactCell.m</string>
			<key>sourceTree</key>
			<string>&lt;group&gt;</string>
		</dict>
		<key>E0822FE2199E9FAB00805420</key>
		<dict>
			<key>children</key>
			<array>
				<string>E0822FE3199E9FAB00805420</string>
			</array>
			<key>isa</key>
			<string>PBXGroup</string>
			<key>path</key>
			<string>en.lproj</string>
			<key>sourceTree</key>
			<string>&lt;group&gt;</string>
		</dict>
		<key>E0822FE3199E9FAB00805420</key>
		<dict>
			<key>children</key>
			<array>
				<string>E0822FE4199E9FAB00805420</string>
			</array>
			<key>isa</key>
			<string>PBXVariantGroup</string>
			<key>name</key>
			<string>InfoPlist.strings</string>
			<key>sourceTree</key>
			<string>&lt;group&gt;</string>
		</dict>
		<key>E0822FE4199E9FAB00805420</key>
		<dict>
			<key>isa</key>
			<string>PBXFileReference</string>
			<key>lastKnownFileType</key>
			<string>text.plist.strings</string>
			<key>name</key>
			<string>en</string>
			<key>path</key>
			<string>InfoPlist.strings</string>
			<key>sourceTree</key>
			<string>&lt;group&gt;</string>
		</dict>
		<key>E0822FE5199E9FAB00805420</key>
		<dict>
			<key>fileEncoding</key>
			<string>4</string>
			<key>isa</key>
			<string>PBXFileReference</string>
			<key>lastKnownFileType</key>
			<string>sourcecode.c.h</string>
			<key>path</key>
			<string>HomepageTVC.h</string>
			<key>sourceTree</key>
			<string>&lt;group&gt;</string>
		</dict>
		<key>E0822FE6199E9FAB00805420</key>
		<dict>
			<key>isa</key>
			<string>PBXFileReference</string>
			<key>lastKnownFileType</key>
			<string>folder.assetcatalog</string>
			<key>path</key>
			<string>Images.xcassets</string>
			<key>sourceTree</key>
			<string>&lt;group&gt;</string>
		</dict>
		<key>E0822FE7199E9FAB00805420</key>
		<dict>
			<key>fileEncoding</key>
			<string>4</string>
			<key>isa</key>
			<string>PBXFileReference</string>
			<key>lastKnownFileType</key>
			<string>sourcecode.c.h</string>
			<key>path</key>
			<string>LATabBarController.h</string>
			<key>sourceTree</key>
			<string>&lt;group&gt;</string>
		</dict>
		<key>E0822FE8199E9FAB00805420</key>
		<dict>
			<key>fileEncoding</key>
			<string>4</string>
			<key>isa</key>
			<string>PBXFileReference</string>
			<key>lastKnownFileType</key>
			<string>sourcecode.c.objc</string>
			<key>path</key>
			<string>LATabBarController.m</string>
			<key>sourceTree</key>
			<string>&lt;group&gt;</string>
		</dict>
		<key>E0822FE9199E9FAB00805420</key>
		<dict>
			<key>fileEncoding</key>
			<string>4</string>
			<key>isa</key>
			<string>PBXFileReference</string>
			<key>lastKnownFileType</key>
			<string>sourcecode.c.h</string>
			<key>path</key>
			<string>LayerAPIManager.h</string>
			<key>sourceTree</key>
			<string>&lt;group&gt;</string>
		</dict>
		<key>E0822FEA199E9FAB00805420</key>
		<dict>
			<key>fileEncoding</key>
			<string>4</string>
			<key>isa</key>
			<string>PBXFileReference</string>
			<key>lastKnownFileType</key>
			<string>sourcecode.c.h</string>
			<key>path</key>
			<string>LayerClientController.h</string>
			<key>sourceTree</key>
			<string>&lt;group&gt;</string>
		</dict>
		<key>E0822FEB199E9FAB00805420</key>
		<dict>
			<key>fileEncoding</key>
			<string>4</string>
			<key>isa</key>
			<string>PBXFileReference</string>
			<key>lastKnownFileType</key>
			<string>sourcecode.c.objc</string>
			<key>path</key>
			<string>LayerClientController.m</string>
			<key>sourceTree</key>
			<string>&lt;group&gt;</string>
		</dict>
		<key>E0822FEE199E9FAB00805420</key>
		<dict>
			<key>fileEncoding</key>
			<string>4</string>
			<key>isa</key>
			<string>PBXFileReference</string>
			<key>lastKnownFileType</key>
			<string>text.xml</string>
			<key>path</key>
			<string>LocationsApp.entitlements</string>
			<key>sourceTree</key>
			<string>&lt;group&gt;</string>
		</dict>
		<key>E0822FEF199E9FAB00805420</key>
		<dict>
			<key>fileEncoding</key>
			<string>4</string>
			<key>isa</key>
			<string>PBXFileReference</string>
			<key>lastKnownFileType</key>
			<string>sourcecode.c.h</string>
			<key>path</key>
			<string>LogoutCell.h</string>
			<key>sourceTree</key>
			<string>&lt;group&gt;</string>
		</dict>
		<key>E0822FF0199E9FAB00805420</key>
		<dict>
			<key>fileEncoding</key>
			<string>4</string>
			<key>isa</key>
			<string>PBXFileReference</string>
			<key>lastKnownFileType</key>
			<string>sourcecode.c.objc</string>
			<key>path</key>
			<string>LogoutCell.m</string>
			<key>sourceTree</key>
			<string>&lt;group&gt;</string>
		</dict>
		<key>E0822FF1199E9FAB00805420</key>
		<dict>
			<key>fileEncoding</key>
			<string>4</string>
			<key>isa</key>
			<string>PBXFileReference</string>
			<key>lastKnownFileType</key>
			<string>sourcecode.c.h</string>
			<key>path</key>
			<string>MapViewAnnotation.h</string>
			<key>sourceTree</key>
			<string>&lt;group&gt;</string>
		</dict>
		<key>E0822FF2199E9FAB00805420</key>
		<dict>
			<key>fileEncoding</key>
			<string>4</string>
			<key>isa</key>
			<string>PBXFileReference</string>
			<key>lastKnownFileType</key>
			<string>sourcecode.c.objc</string>
			<key>path</key>
			<string>MapViewAnnotation.m</string>
			<key>sourceTree</key>
			<string>&lt;group&gt;</string>
		</dict>
		<key>E0822FF3199E9FAB00805420</key>
		<dict>
			<key>fileEncoding</key>
			<string>4</string>
			<key>isa</key>
			<string>PBXFileReference</string>
			<key>lastKnownFileType</key>
			<string>sourcecode.c.h</string>
			<key>path</key>
			<string>MessageCell.h</string>
			<key>sourceTree</key>
			<string>&lt;group&gt;</string>
		</dict>
		<key>E0822FF4199E9FAB00805420</key>
		<dict>
			<key>fileEncoding</key>
			<string>4</string>
			<key>isa</key>
			<string>PBXFileReference</string>
			<key>lastKnownFileType</key>
			<string>sourcecode.c.h</string>
			<key>path</key>
			<string>MessageCVC.h</string>
			<key>sourceTree</key>
			<string>&lt;group&gt;</string>
		</dict>
		<key>E0822FF5199E9FAB00805420</key>
		<dict>
			<key>fileEncoding</key>
			<string>4</string>
			<key>isa</key>
			<string>PBXFileReference</string>
			<key>lastKnownFileType</key>
			<string>sourcecode.c.h</string>
			<key>path</key>
			<string>ParseController.h</string>
			<key>sourceTree</key>
			<string>&lt;group&gt;</string>
		</dict>
		<key>E0822FF6199E9FAB00805420</key>
		<dict>
			<key>fileEncoding</key>
			<string>4</string>
			<key>isa</key>
			<string>PBXFileReference</string>
			<key>lastKnownFileType</key>
			<string>sourcecode.c.objc</string>
			<key>path</key>
			<string>ParseController.m</string>
			<key>sourceTree</key>
			<string>&lt;group&gt;</string>
		</dict>
		<key>E0822FF7199E9FAB00805420</key>
		<dict>
			<key>fileEncoding</key>
			<string>4</string>
			<key>isa</key>
			<string>PBXFileReference</string>
			<key>lastKnownFileType</key>
			<string>sourcecode.c.h</string>
			<key>path</key>
			<string>parseUser.h</string>
			<key>sourceTree</key>
			<string>&lt;group&gt;</string>
		</dict>
		<key>E0822FF8199E9FAB00805420</key>
		<dict>
			<key>fileEncoding</key>
			<string>4</string>
			<key>isa</key>
			<string>PBXFileReference</string>
			<key>lastKnownFileType</key>
			<string>sourcecode.c.objc</string>
			<key>path</key>
			<string>parseUser.m</string>
			<key>sourceTree</key>
			<string>&lt;group&gt;</string>
		</dict>
		<key>E0822FF9199E9FAB00805420</key>
		<dict>
			<key>fileEncoding</key>
			<string>4</string>
			<key>isa</key>
			<string>PBXFileReference</string>
			<key>lastKnownFileType</key>
			<string>sourcecode.c.h</string>
			<key>path</key>
			<string>SearchCell.h</string>
			<key>sourceTree</key>
			<string>&lt;group&gt;</string>
		</dict>
		<key>E0822FFA199E9FAB00805420</key>
		<dict>
			<key>fileEncoding</key>
			<string>4</string>
			<key>isa</key>
			<string>PBXFileReference</string>
			<key>lastKnownFileType</key>
			<string>sourcecode.c.objc</string>
			<key>path</key>
			<string>SearchCell.m</string>
			<key>sourceTree</key>
			<string>&lt;group&gt;</string>
		</dict>
		<key>E0822FFB199E9FAB00805420</key>
		<dict>
			<key>fileEncoding</key>
			<string>4</string>
			<key>isa</key>
			<string>PBXFileReference</string>
			<key>lastKnownFileType</key>
			<string>sourcecode.c.h</string>
			<key>path</key>
			<string>SettingsTVC.h</string>
			<key>sourceTree</key>
			<string>&lt;group&gt;</string>
		</dict>
		<key>E0822FFC199E9FAB00805420</key>
		<dict>
			<key>fileEncoding</key>
			<string>4</string>
			<key>isa</key>
			<string>PBXFileReference</string>
			<key>lastKnownFileType</key>
			<string>sourcecode.c.objc</string>
			<key>path</key>
			<string>SettingsTVC.m</string>
			<key>sourceTree</key>
			<string>&lt;group&gt;</string>
		</dict>
		<key>E0822FFD199E9FAB00805420</key>
		<dict>
			<key>fileEncoding</key>
			<string>4</string>
			<key>isa</key>
			<string>PBXFileReference</string>
			<key>lastKnownFileType</key>
			<string>sourcecode.c.h</string>
			<key>path</key>
			<string>UIImage+ImageEffects.h</string>
			<key>sourceTree</key>
			<string>&lt;group&gt;</string>
		</dict>
		<key>E0822FFE199E9FAB00805420</key>
		<dict>
			<key>fileEncoding</key>
			<string>4</string>
			<key>isa</key>
			<string>PBXFileReference</string>
			<key>lastKnownFileType</key>
			<string>sourcecode.c.objc</string>
			<key>path</key>
			<string>UIImage+ImageEffects.m</string>
			<key>sourceTree</key>
			<string>&lt;group&gt;</string>
		</dict>
		<key>E0822FFF199E9FAB00805420</key>
		<dict>
			<key>fileEncoding</key>
			<string>4</string>
			<key>isa</key>
			<string>PBXFileReference</string>
			<key>lastKnownFileType</key>
			<string>sourcecode.c.h</string>
			<key>path</key>
			<string>User.h</string>
			<key>sourceTree</key>
			<string>&lt;group&gt;</string>
		</dict>
		<key>E0823000199E9FAB00805420</key>
		<dict>
			<key>fileEncoding</key>
			<string>4</string>
			<key>isa</key>
			<string>PBXFileReference</string>
			<key>lastKnownFileType</key>
			<string>sourcecode.c.objc</string>
			<key>path</key>
			<string>User.m</string>
			<key>sourceTree</key>
			<string>&lt;group&gt;</string>
		</dict>
		<key>E0823001199E9FAB00805420</key>
		<dict>
			<key>fileRef</key>
			<string>E0822FC7199E9FAB00805420</string>
			<key>isa</key>
			<string>PBXBuildFile</string>
		</dict>
		<key>E0823002199E9FAB00805420</key>
		<dict>
			<key>fileRef</key>
			<string>E0822FC8199E9FAB00805420</string>
			<key>isa</key>
			<string>PBXBuildFile</string>
		</dict>
		<key>E0823003199E9FAB00805420</key>
		<dict>
			<key>fileRef</key>
			<string>E0822FCA199E9FAB00805420</string>
			<key>isa</key>
			<string>PBXBuildFile</string>
		</dict>
		<key>E0823004199E9FAB00805420</key>
		<dict>
			<key>fileRef</key>
			<string>E0822FCC199E9FAB00805420</string>
			<key>isa</key>
			<string>PBXBuildFile</string>
		</dict>
		<key>E0823005199E9FAB00805420</key>
		<dict>
			<key>fileRef</key>
			<string>E0822FCE199E9FAB00805420</string>
			<key>isa</key>
			<string>PBXBuildFile</string>
		</dict>
		<key>E0823006199E9FAB00805420</key>
		<dict>
			<key>fileRef</key>
			<string>E0822FCF199E9FAB00805420</string>
			<key>isa</key>
			<string>PBXBuildFile</string>
		</dict>
		<key>E0823007199E9FAB00805420</key>
		<dict>
			<key>fileRef</key>
			<string>E0822FD1199E9FAB00805420</string>
			<key>isa</key>
			<string>PBXBuildFile</string>
		</dict>
		<key>E0823008199E9FAB00805420</key>
		<dict>
			<key>fileRef</key>
			<string>E0822FD2199E9FAB00805420</string>
			<key>isa</key>
			<string>PBXBuildFile</string>
		</dict>
		<key>E0823009199E9FAB00805420</key>
		<dict>
			<key>fileRef</key>
			<string>E0822FD3199E9FAB00805420</string>
			<key>isa</key>
			<string>PBXBuildFile</string>
		</dict>
		<key>E082300A199E9FAB00805420</key>
		<dict>
			<key>fileRef</key>
			<string>E0822FD5199E9FAB00805420</string>
			<key>isa</key>
			<string>PBXBuildFile</string>
		</dict>
		<key>E082300B199E9FAB00805420</key>
		<dict>
			<key>fileRef</key>
			<string>E0822FD8199E9FAB00805420</string>
			<key>isa</key>
			<string>PBXBuildFile</string>
		</dict>
		<key>E082300C199E9FAB00805420</key>
		<dict>
			<key>fileRef</key>
			<string>E0822FDA199E9FAB00805420</string>
			<key>isa</key>
			<string>PBXBuildFile</string>
		</dict>
		<key>E082300D199E9FAB00805420</key>
		<dict>
			<key>fileRef</key>
			<string>E0822FDC199E9FAB00805420</string>
			<key>isa</key>
			<string>PBXBuildFile</string>
		</dict>
		<key>E082300E199E9FAB00805420</key>
		<dict>
			<key>fileRef</key>
			<string>E0822FDF199E9FAB00805420</string>
			<key>isa</key>
			<string>PBXBuildFile</string>
		</dict>
		<key>E082300F199E9FAB00805420</key>
		<dict>
			<key>fileRef</key>
			<string>E0822FE1199E9FAB00805420</string>
			<key>isa</key>
			<string>PBXBuildFile</string>
		</dict>
		<key>E0823010199E9FAB00805420</key>
		<dict>
			<key>fileRef</key>
			<string>E0822FE3199E9FAB00805420</string>
			<key>isa</key>
			<string>PBXBuildFile</string>
		</dict>
		<key>E0823011199E9FAB00805420</key>
		<dict>
			<key>fileRef</key>
			<string>E0822FE6199E9FAB00805420</string>
			<key>isa</key>
			<string>PBXBuildFile</string>
		</dict>
		<key>E0823012199E9FAB00805420</key>
		<dict>
			<key>fileRef</key>
			<string>E0822FE8199E9FAB00805420</string>
			<key>isa</key>
			<string>PBXBuildFile</string>
		</dict>
		<key>E0823013199E9FAB00805420</key>
		<dict>
			<key>fileRef</key>
			<string>E0822FEB199E9FAB00805420</string>
			<key>isa</key>
			<string>PBXBuildFile</string>
		</dict>
		<key>E0823015199E9FAB00805420</key>
		<dict>
			<key>fileRef</key>
			<string>E0822FEE199E9FAB00805420</string>
			<key>isa</key>
			<string>PBXBuildFile</string>
		</dict>
		<key>E0823016199E9FAB00805420</key>
		<dict>
			<key>fileRef</key>
			<string>E0822FF0199E9FAB00805420</string>
			<key>isa</key>
			<string>PBXBuildFile</string>
		</dict>
		<key>E0823017199E9FAB00805420</key>
		<dict>
			<key>fileRef</key>
			<string>E0822FF2199E9FAB00805420</string>
			<key>isa</key>
			<string>PBXBuildFile</string>
		</dict>
		<key>E0823018199E9FAB00805420</key>
		<dict>
			<key>fileRef</key>
			<string>E0822FF6199E9FAB00805420</string>
			<key>isa</key>
			<string>PBXBuildFile</string>
		</dict>
		<key>E0823019199E9FAB00805420</key>
		<dict>
			<key>fileRef</key>
			<string>E0822FF8199E9FAB00805420</string>
			<key>isa</key>
			<string>PBXBuildFile</string>
		</dict>
		<key>E082301A199E9FAB00805420</key>
		<dict>
			<key>fileRef</key>
			<string>E0822FFA199E9FAB00805420</string>
			<key>isa</key>
			<string>PBXBuildFile</string>
		</dict>
		<key>E082301B199E9FAB00805420</key>
		<dict>
			<key>fileRef</key>
			<string>E0822FFC199E9FAB00805420</string>
			<key>isa</key>
			<string>PBXBuildFile</string>
		</dict>
		<key>E082301C199E9FAB00805420</key>
		<dict>
			<key>fileRef</key>
			<string>E0822FFE199E9FAB00805420</string>
			<key>isa</key>
			<string>PBXBuildFile</string>
		</dict>
		<key>E082301D199E9FAB00805420</key>
		<dict>
			<key>fileRef</key>
			<string>E0823000199E9FAB00805420</string>
			<key>isa</key>
			<string>PBXBuildFile</string>
		</dict>
		<key>E082301E199E9FCC00805420</key>
		<dict>
			<key>fileEncoding</key>
			<string>4</string>
			<key>isa</key>
			<string>PBXFileReference</string>
			<key>lastKnownFileType</key>
			<string>sourcecode.c.h</string>
			<key>path</key>
			<string>FirstView.h</string>
			<key>sourceTree</key>
			<string>&lt;group&gt;</string>
		</dict>
		<key>E082301F199E9FCD00805420</key>
		<dict>
			<key>fileEncoding</key>
			<string>4</string>
			<key>isa</key>
			<string>PBXFileReference</string>
			<key>lastKnownFileType</key>
			<string>sourcecode.c.objc</string>
			<key>path</key>
			<string>FirstView.m</string>
			<key>sourceTree</key>
			<string>&lt;group&gt;</string>
		</dict>
		<key>E0823020199E9FCD00805420</key>
		<dict>
			<key>fileRef</key>
			<string>E082301F199E9FCD00805420</string>
			<key>isa</key>
			<string>PBXBuildFile</string>
		</dict>
		<key>E0823021199E9FF000805420</key>
		<dict>
			<key>fileEncoding</key>
			<string>4</string>
			<key>isa</key>
			<string>PBXFileReference</string>
			<key>lastKnownFileType</key>
			<string>sourcecode.c.objc</string>
			<key>path</key>
			<string>Signup.m</string>
			<key>sourceTree</key>
			<string>&lt;group&gt;</string>
		</dict>
		<key>E0823022199E9FF000805420</key>
		<dict>
			<key>fileEncoding</key>
			<string>4</string>
			<key>isa</key>
			<string>PBXFileReference</string>
			<key>lastKnownFileType</key>
			<string>sourcecode.c.h</string>
			<key>path</key>
			<string>LoginView.h</string>
			<key>sourceTree</key>
			<string>&lt;group&gt;</string>
		</dict>
		<key>E0823023199E9FF000805420</key>
		<dict>
			<key>fileEncoding</key>
			<string>4</string>
			<key>isa</key>
			<string>PBXFileReference</string>
			<key>lastKnownFileType</key>
			<string>sourcecode.c.objc</string>
			<key>path</key>
			<string>LoginView.m</string>
			<key>sourceTree</key>
			<string>&lt;group&gt;</string>
		</dict>
		<key>E0823024199E9FF000805420</key>
		<dict>
			<key>fileEncoding</key>
			<string>4</string>
			<key>isa</key>
			<string>PBXFileReference</string>
			<key>lastKnownFileType</key>
			<string>sourcecode.c.h</string>
			<key>path</key>
			<string>Signup.h</string>
			<key>sourceTree</key>
			<string>&lt;group&gt;</string>
		</dict>
		<key>E0823025199E9FF000805420</key>
		<dict>
			<key>fileRef</key>
			<string>E0823021199E9FF000805420</string>
			<key>isa</key>
			<string>PBXBuildFile</string>
		</dict>
		<key>E0823026199E9FF000805420</key>
		<dict>
			<key>fileRef</key>
			<string>E0823023199E9FF000805420</string>
			<key>isa</key>
			<string>PBXBuildFile</string>
		</dict>
		<key>E0853297199E9EC000EAB8DE</key>
		<dict>
			<key>children</key>
			<array>
				<string>E08532A9199E9EC000EAB8DE</string>
				<string>E08532C2199E9EC000EAB8DE</string>
				<string>E08532A2199E9EC000EAB8DE</string>
				<string>E08532A1199E9EC000EAB8DE</string>
				<string>D97971144DB986303EF29DAE</string>
			</array>
			<key>isa</key>
			<string>PBXGroup</string>
			<key>sourceTree</key>
			<string>&lt;group&gt;</string>
		</dict>
		<key>E0853298199E9EC000EAB8DE</key>
		<dict>
			<key>attributes</key>
			<dict>
				<key>LastUpgradeCheck</key>
				<string>0510</string>
				<key>ORGANIZATIONNAME</key>
				<string>MeeraParat</string>
				<key>TargetAttributes</key>
				<dict>
					<key>E085329F199E9EC000EAB8DE</key>
					<dict>
						<key>SystemCapabilities</key>
						<dict>
							<key>com.apple.BackgroundModes</key>
							<dict>
								<key>enabled</key>
								<string>1</string>
							</dict>
						</dict>
					</dict>
					<key>E08532BA199E9EC000EAB8DE</key>
					<dict>
						<key>TestTargetID</key>
						<string>E085329F199E9EC000EAB8DE</string>
					</dict>
				</dict>
			</dict>
			<key>buildConfigurationList</key>
			<string>E085329B199E9EC000EAB8DE</string>
			<key>compatibilityVersion</key>
			<string>Xcode 3.2</string>
			<key>developmentRegion</key>
			<string>English</string>
			<key>hasScannedForEncodings</key>
			<string>0</string>
			<key>isa</key>
			<string>PBXProject</string>
			<key>knownRegions</key>
			<array>
				<string>en</string>
				<string>Base</string>
			</array>
			<key>mainGroup</key>
			<string>E0853297199E9EC000EAB8DE</string>
			<key>productRefGroup</key>
			<string>E08532A1199E9EC000EAB8DE</string>
			<key>projectDirPath</key>
			<string></string>
			<key>projectReferences</key>
			<array/>
			<key>projectRoot</key>
			<string></string>
			<key>targets</key>
			<array>
				<string>E085329F199E9EC000EAB8DE</string>
				<string>E08532BA199E9EC000EAB8DE</string>
			</array>
		</dict>
		<key>E085329B199E9EC000EAB8DE</key>
		<dict>
			<key>buildConfigurations</key>
			<array>
				<string>E08532CA199E9EC000EAB8DE</string>
				<string>E08532CB199E9EC000EAB8DE</string>
			</array>
			<key>defaultConfigurationIsVisible</key>
			<string>0</string>
			<key>defaultConfigurationName</key>
			<string>Release</string>
			<key>isa</key>
			<string>XCConfigurationList</string>
		</dict>
		<key>E085329C199E9EC000EAB8DE</key>
		<dict>
			<key>buildActionMask</key>
			<string>2147483647</string>
			<key>files</key>
			<array>
				<string>E082301D199E9FAB00805420</string>
				<string>E0823017199E9FAB00805420</string>
				<string>E0823026199E9FF000805420</string>
				<string>E082300F199E9FAB00805420</string>
				<string>E0823009199E9FAB00805420</string>
				<string>E08532B4199E9EC000EAB8DE</string>
				<string>E0823006199E9FAB00805420</string>
				<string>E0823001199E9FAB00805420</string>
				<string>E082300E199E9FAB00805420</string>
				<string>E0823007199E9FAB00805420</string>
				<string>E082301C199E9FAB00805420</string>
				<string>E0823025199E9FF000805420</string>
				<string>E082300B199E9FAB00805420</string>
				<string>E0823002199E9FAB00805420</string>
				<string>E0823008199E9FAB00805420</string>
				<string>E082301A199E9FAB00805420</string>
				<string>E082301B199E9FAB00805420</string>
				<string>E0823019199E9FAB00805420</string>
				<string>E0823004199E9FAB00805420</string>
				<string>E082300A199E9FAB00805420</string>
				<string>E0823012199E9FAB00805420</string>
				<string>E0823016199E9FAB00805420</string>
				<string>E0823018199E9FAB00805420</string>
				<string>E0823020199E9FCD00805420</string>
				<string>E0823005199E9FAB00805420</string>
				<string>E08532B0199E9EC000EAB8DE</string>
				<string>E0823003199E9FAB00805420</string>
				<string>E0823013199E9FAB00805420</string>
			</array>
			<key>isa</key>
			<string>PBXSourcesBuildPhase</string>
			<key>runOnlyForDeploymentPostprocessing</key>
			<string>0</string>
		</dict>
		<key>E085329D199E9EC000EAB8DE</key>
		<dict>
			<key>buildActionMask</key>
			<string>2147483647</string>
			<key>files</key>
			<array>
				<string>E05B0DBB19A06C66004E5557</string>
				<string>E05B0DB919A06C60004E5557</string>
				<string>E05B0DB719A06C59004E5557</string>
				<string>E05B0DB519A06C51004E5557</string>
				<string>E05B0DB319A06C31004E5557</string>
				<string>E05B0DB119A06C1F004E5557</string>
				<string>E05B0DAF19A06C18004E5557</string>
				<string>E05B0DAD19A06C0F004E5557</string>
				<string>E05B0DAB19A06C08004E5557</string>
				<string>E08532A6199E9EC000EAB8DE</string>
				<string>E08532A8199E9EC000EAB8DE</string>
				<string>E08532A4199E9EC000EAB8DE</string>
				<string>3266551A0AB94E1C878E3745</string>
			</array>
			<key>isa</key>
			<string>PBXFrameworksBuildPhase</string>
			<key>runOnlyForDeploymentPostprocessing</key>
			<string>0</string>
		</dict>
		<key>E085329E199E9EC000EAB8DE</key>
		<dict>
			<key>buildActionMask</key>
			<string>2147483647</string>
			<key>files</key>
			<array>
				<string>E0823015199E9FAB00805420</string>
				<string>E082300D199E9FAB00805420</string>
				<string>E082300C199E9FAB00805420</string>
				<string>E08532AE199E9EC000EAB8DE</string>
				<string>E0823011199E9FAB00805420</string>
				<string>E0823010199E9FAB00805420</string>
			</array>
			<key>isa</key>
			<string>PBXResourcesBuildPhase</string>
			<key>runOnlyForDeploymentPostprocessing</key>
			<string>0</string>
		</dict>
		<key>E085329F199E9EC000EAB8DE</key>
		<dict>
			<key>buildConfigurationList</key>
			<string>E08532CC199E9EC000EAB8DE</string>
			<key>buildPhases</key>
			<array>
				<string>A540E37B64C74E609620AFED</string>
				<string>E085329C199E9EC000EAB8DE</string>
				<string>E085329D199E9EC000EAB8DE</string>
				<string>E05B0DA9199F6AF4004E5557</string>
				<string>E085329E199E9EC000EAB8DE</string>
				<string>C233800D5D474A9B98D25203</string>
			</array>
			<key>buildRules</key>
			<array/>
			<key>dependencies</key>
			<array/>
			<key>isa</key>
			<string>PBXNativeTarget</string>
			<key>name</key>
			<string>MarcoPolo</string>
			<key>productName</key>
			<string>MarcoPolo</string>
			<key>productReference</key>
			<string>E08532A0199E9EC000EAB8DE</string>
			<key>productType</key>
			<string>com.apple.product-type.application</string>
		</dict>
		<key>E08532A0199E9EC000EAB8DE</key>
		<dict>
			<key>explicitFileType</key>
			<string>wrapper.application</string>
			<key>includeInIndex</key>
			<string>0</string>
			<key>isa</key>
			<string>PBXFileReference</string>
			<key>path</key>
			<string>MarcoPolo.app</string>
			<key>sourceTree</key>
			<string>BUILT_PRODUCTS_DIR</string>
		</dict>
		<key>E08532A1199E9EC000EAB8DE</key>
		<dict>
			<key>children</key>
			<array>
				<string>E08532A0199E9EC000EAB8DE</string>
				<string>E08532BB199E9EC000EAB8DE</string>
			</array>
			<key>isa</key>
			<string>PBXGroup</string>
			<key>name</key>
			<string>Products</string>
			<key>sourceTree</key>
			<string>&lt;group&gt;</string>
		</dict>
		<key>E08532A2199E9EC000EAB8DE</key>
		<dict>
			<key>children</key>
			<array>
				<string>E05B0DBA19A06C66004E5557</string>
				<string>E05B0DB819A06C60004E5557</string>
				<string>E05B0DB619A06C59004E5557</string>
				<string>E05B0DB419A06C51004E5557</string>
				<string>E05B0DB219A06C31004E5557</string>
				<string>E05B0DB019A06C1F004E5557</string>
				<string>E05B0DAE19A06C18004E5557</string>
				<string>E05B0DAC19A06C0F004E5557</string>
				<string>E05B0DAA19A06C08004E5557</string>
				<string>E08532A3199E9EC000EAB8DE</string>
				<string>E08532A5199E9EC000EAB8DE</string>
				<string>E08532A7199E9EC000EAB8DE</string>
				<string>E08532BC199E9EC000EAB8DE</string>
				<string>5155F7F179764D11B5471A81</string>
			</array>
			<key>isa</key>
			<string>PBXGroup</string>
			<key>name</key>
			<string>Frameworks</string>
			<key>sourceTree</key>
			<string>&lt;group&gt;</string>
		</dict>
		<key>E08532A3199E9EC000EAB8DE</key>
		<dict>
			<key>isa</key>
			<string>PBXFileReference</string>
			<key>lastKnownFileType</key>
			<string>wrapper.framework</string>
			<key>name</key>
			<string>Foundation.framework</string>
			<key>path</key>
			<string>System/Library/Frameworks/Foundation.framework</string>
			<key>sourceTree</key>
			<string>SDKROOT</string>
		</dict>
		<key>E08532A4199E9EC000EAB8DE</key>
		<dict>
			<key>fileRef</key>
			<string>E08532A3199E9EC000EAB8DE</string>
			<key>isa</key>
			<string>PBXBuildFile</string>
		</dict>
		<key>E08532A5199E9EC000EAB8DE</key>
		<dict>
			<key>isa</key>
			<string>PBXFileReference</string>
			<key>lastKnownFileType</key>
			<string>wrapper.framework</string>
			<key>name</key>
			<string>CoreGraphics.framework</string>
			<key>path</key>
			<string>System/Library/Frameworks/CoreGraphics.framework</string>
			<key>sourceTree</key>
			<string>SDKROOT</string>
		</dict>
		<key>E08532A6199E9EC000EAB8DE</key>
		<dict>
			<key>fileRef</key>
			<string>E08532A5199E9EC000EAB8DE</string>
			<key>isa</key>
			<string>PBXBuildFile</string>
		</dict>
		<key>E08532A7199E9EC000EAB8DE</key>
		<dict>
			<key>isa</key>
			<string>PBXFileReference</string>
			<key>lastKnownFileType</key>
			<string>wrapper.framework</string>
			<key>name</key>
			<string>UIKit.framework</string>
			<key>path</key>
			<string>System/Library/Frameworks/UIKit.framework</string>
			<key>sourceTree</key>
			<string>SDKROOT</string>
		</dict>
		<key>E08532A8199E9EC000EAB8DE</key>
		<dict>
			<key>fileRef</key>
			<string>E08532A7199E9EC000EAB8DE</string>
			<key>isa</key>
			<string>PBXBuildFile</string>
		</dict>
		<key>E08532A9199E9EC000EAB8DE</key>
		<dict>
			<key>children</key>
			<array>
				<string>E08532B2199E9EC000EAB8DE</string>
				<string>E08532B3199E9EC000EAB8DE</string>
				<string>E05B0DBD19A23B3E004E5557</string>
				<string>E05B0DBF19A23B7D004E5557</string>
				<string>E05B0DBC19A23B0F004E5557</string>
				<string>E05B0DBE19A23B68004E5557</string>
				<string>E05B0DC019A23BCD004E5557</string>
				<string>E05B0DC219A23BF9004E5557</string>
				<string>E05B0DC119A23BE3004E5557</string>
				<string>E05B0DC319A23C98004E5557</string>
				<string>E0822FE6199E9FAB00805420</string>
				<string>E0822FD9199E9FAB00805420</string>
				<string>E0822FE2199E9FAB00805420</string>
				<string>E08532AA199E9EC000EAB8DE</string>
				<string>E0822FEE199E9FAB00805420</string>
			</array>
			<key>isa</key>
			<string>PBXGroup</string>
			<key>path</key>
			<string>MarcoPolo</string>
			<key>sourceTree</key>
			<string>&lt;group&gt;</string>
		</dict>
		<key>E08532AA199E9EC000EAB8DE</key>
		<dict>
			<key>children</key>
			<array>
				<string>E08532AB199E9EC000EAB8DE</string>
				<string>E08532AC199E9EC000EAB8DE</string>
				<string>E08532AF199E9EC000EAB8DE</string>
				<string>E08532B1199E9EC000EAB8DE</string>
			</array>
			<key>isa</key>
			<string>PBXGroup</string>
			<key>name</key>
			<string>Supporting Files</string>
			<key>sourceTree</key>
			<string>&lt;group&gt;</string>
		</dict>
		<key>E08532AB199E9EC000EAB8DE</key>
		<dict>
			<key>isa</key>
			<string>PBXFileReference</string>
			<key>lastKnownFileType</key>
			<string>text.plist.xml</string>
			<key>path</key>
			<string>MarcoPolo-Info.plist</string>
			<key>sourceTree</key>
			<string>&lt;group&gt;</string>
		</dict>
		<key>E08532AC199E9EC000EAB8DE</key>
		<dict>
			<key>children</key>
			<array>
				<string>E08532AD199E9EC000EAB8DE</string>
			</array>
			<key>isa</key>
			<string>PBXVariantGroup</string>
			<key>name</key>
			<string>InfoPlist.strings</string>
			<key>sourceTree</key>
			<string>&lt;group&gt;</string>
		</dict>
		<key>E08532AD199E9EC000EAB8DE</key>
		<dict>
			<key>isa</key>
			<string>PBXFileReference</string>
			<key>lastKnownFileType</key>
			<string>text.plist.strings</string>
			<key>name</key>
			<string>en</string>
			<key>path</key>
			<string>en.lproj/InfoPlist.strings</string>
			<key>sourceTree</key>
			<string>&lt;group&gt;</string>
		</dict>
		<key>E08532AE199E9EC000EAB8DE</key>
		<dict>
			<key>fileRef</key>
			<string>E08532AC199E9EC000EAB8DE</string>
			<key>isa</key>
			<string>PBXBuildFile</string>
		</dict>
		<key>E08532AF199E9EC000EAB8DE</key>
		<dict>
			<key>isa</key>
			<string>PBXFileReference</string>
			<key>lastKnownFileType</key>
			<string>sourcecode.c.objc</string>
			<key>path</key>
			<string>main.m</string>
			<key>sourceTree</key>
			<string>&lt;group&gt;</string>
		</dict>
		<key>E08532B0199E9EC000EAB8DE</key>
		<dict>
			<key>fileRef</key>
			<string>E08532AF199E9EC000EAB8DE</string>
			<key>isa</key>
			<string>PBXBuildFile</string>
		</dict>
		<key>E08532B1199E9EC000EAB8DE</key>
		<dict>
			<key>isa</key>
			<string>PBXFileReference</string>
			<key>lastKnownFileType</key>
			<string>sourcecode.c.h</string>
			<key>path</key>
			<string>MarcoPolo-Prefix.pch</string>
			<key>sourceTree</key>
			<string>&lt;group&gt;</string>
		</dict>
		<key>E08532B2199E9EC000EAB8DE</key>
		<dict>
			<key>isa</key>
			<string>PBXFileReference</string>
			<key>lastKnownFileType</key>
			<string>sourcecode.c.h</string>
			<key>path</key>
			<string>AppDelegate.h</string>
			<key>sourceTree</key>
			<string>&lt;group&gt;</string>
		</dict>
		<key>E08532B3199E9EC000EAB8DE</key>
		<dict>
			<key>isa</key>
			<string>PBXFileReference</string>
			<key>lastKnownFileType</key>
			<string>sourcecode.c.objc</string>
			<key>path</key>
			<string>AppDelegate.m</string>
			<key>sourceTree</key>
			<string>&lt;group&gt;</string>
		</dict>
		<key>E08532B4199E9EC000EAB8DE</key>
		<dict>
			<key>fileRef</key>
			<string>E08532B3199E9EC000EAB8DE</string>
			<key>isa</key>
			<string>PBXBuildFile</string>
		</dict>
		<key>E08532B7199E9EC000EAB8DE</key>
		<dict>
			<key>buildActionMask</key>
			<string>2147483647</string>
			<key>files</key>
			<array>
				<string>E08532C9199E9EC000EAB8DE</string>
			</array>
			<key>isa</key>
			<string>PBXSourcesBuildPhase</string>
			<key>runOnlyForDeploymentPostprocessing</key>
			<string>0</string>
		</dict>
		<key>E08532B8199E9EC000EAB8DE</key>
		<dict>
			<key>buildActionMask</key>
			<string>2147483647</string>
			<key>files</key>
			<array>
				<string>E08532BD199E9EC000EAB8DE</string>
				<string>E08532BF199E9EC000EAB8DE</string>
				<string>E08532BE199E9EC000EAB8DE</string>
			</array>
			<key>isa</key>
			<string>PBXFrameworksBuildPhase</string>
			<key>runOnlyForDeploymentPostprocessing</key>
			<string>0</string>
		</dict>
		<key>E08532B9199E9EC000EAB8DE</key>
		<dict>
			<key>buildActionMask</key>
			<string>2147483647</string>
			<key>files</key>
			<array>
				<string>E08532C7199E9EC000EAB8DE</string>
			</array>
			<key>isa</key>
			<string>PBXResourcesBuildPhase</string>
			<key>runOnlyForDeploymentPostprocessing</key>
			<string>0</string>
		</dict>
		<key>E08532BA199E9EC000EAB8DE</key>
		<dict>
			<key>buildConfigurationList</key>
			<string>E08532CF199E9EC000EAB8DE</string>
			<key>buildPhases</key>
			<array>
				<string>E08532B7199E9EC000EAB8DE</string>
				<string>E08532B8199E9EC000EAB8DE</string>
				<string>E08532B9199E9EC000EAB8DE</string>
			</array>
			<key>buildRules</key>
			<array/>
			<key>dependencies</key>
			<array>
				<string>E08532C1199E9EC000EAB8DE</string>
			</array>
			<key>isa</key>
			<string>PBXNativeTarget</string>
			<key>name</key>
			<string>MarcoPoloTests</string>
			<key>productName</key>
			<string>MarcoPoloTests</string>
			<key>productReference</key>
			<string>E08532BB199E9EC000EAB8DE</string>
			<key>productType</key>
			<string>com.apple.product-type.bundle.unit-test</string>
		</dict>
		<key>E08532BB199E9EC000EAB8DE</key>
		<dict>
			<key>explicitFileType</key>
			<string>wrapper.cfbundle</string>
			<key>includeInIndex</key>
			<string>0</string>
			<key>isa</key>
			<string>PBXFileReference</string>
			<key>path</key>
			<string>MarcoPoloTests.xctest</string>
			<key>sourceTree</key>
			<string>BUILT_PRODUCTS_DIR</string>
		</dict>
		<key>E08532BC199E9EC000EAB8DE</key>
		<dict>
			<key>isa</key>
			<string>PBXFileReference</string>
			<key>lastKnownFileType</key>
			<string>wrapper.framework</string>
			<key>name</key>
			<string>XCTest.framework</string>
			<key>path</key>
			<string>Library/Frameworks/XCTest.framework</string>
			<key>sourceTree</key>
			<string>DEVELOPER_DIR</string>
		</dict>
		<key>E08532BD199E9EC000EAB8DE</key>
		<dict>
			<key>fileRef</key>
			<string>E08532BC199E9EC000EAB8DE</string>
			<key>isa</key>
			<string>PBXBuildFile</string>
		</dict>
		<key>E08532BE199E9EC000EAB8DE</key>
		<dict>
			<key>fileRef</key>
			<string>E08532A3199E9EC000EAB8DE</string>
			<key>isa</key>
			<string>PBXBuildFile</string>
		</dict>
		<key>E08532BF199E9EC000EAB8DE</key>
		<dict>
			<key>fileRef</key>
			<string>E08532A7199E9EC000EAB8DE</string>
			<key>isa</key>
			<string>PBXBuildFile</string>
		</dict>
		<key>E08532C0199E9EC000EAB8DE</key>
		<dict>
			<key>containerPortal</key>
			<string>E0853298199E9EC000EAB8DE</string>
			<key>isa</key>
			<string>PBXContainerItemProxy</string>
			<key>proxyType</key>
			<string>1</string>
			<key>remoteGlobalIDString</key>
			<string>E085329F199E9EC000EAB8DE</string>
			<key>remoteInfo</key>
			<string>MarcoPolo</string>
		</dict>
		<key>E08532C1199E9EC000EAB8DE</key>
		<dict>
			<key>isa</key>
			<string>PBXTargetDependency</string>
			<key>target</key>
			<string>E085329F199E9EC000EAB8DE</string>
			<key>targetProxy</key>
			<string>E08532C0199E9EC000EAB8DE</string>
		</dict>
		<key>E08532C2199E9EC000EAB8DE</key>
		<dict>
			<key>children</key>
			<array>
				<string>E08532C8199E9EC000EAB8DE</string>
				<string>E08532C3199E9EC000EAB8DE</string>
			</array>
			<key>isa</key>
			<string>PBXGroup</string>
			<key>path</key>
			<string>MarcoPoloTests</string>
			<key>sourceTree</key>
			<string>&lt;group&gt;</string>
		</dict>
		<key>E08532C3199E9EC000EAB8DE</key>
		<dict>
			<key>children</key>
			<array>
				<string>E08532C4199E9EC000EAB8DE</string>
				<string>E08532C5199E9EC000EAB8DE</string>
			</array>
			<key>isa</key>
			<string>PBXGroup</string>
			<key>name</key>
			<string>Supporting Files</string>
			<key>sourceTree</key>
			<string>&lt;group&gt;</string>
		</dict>
		<key>E08532C4199E9EC000EAB8DE</key>
		<dict>
			<key>isa</key>
			<string>PBXFileReference</string>
			<key>lastKnownFileType</key>
			<string>text.plist.xml</string>
			<key>path</key>
			<string>MarcoPoloTests-Info.plist</string>
			<key>sourceTree</key>
			<string>&lt;group&gt;</string>
		</dict>
		<key>E08532C5199E9EC000EAB8DE</key>
		<dict>
			<key>children</key>
			<array>
				<string>E08532C6199E9EC000EAB8DE</string>
			</array>
			<key>isa</key>
			<string>PBXVariantGroup</string>
			<key>name</key>
			<string>InfoPlist.strings</string>
			<key>sourceTree</key>
			<string>&lt;group&gt;</string>
		</dict>
		<key>E08532C6199E9EC000EAB8DE</key>
		<dict>
			<key>isa</key>
			<string>PBXFileReference</string>
			<key>lastKnownFileType</key>
			<string>text.plist.strings</string>
			<key>name</key>
			<string>en</string>
			<key>path</key>
			<string>en.lproj/InfoPlist.strings</string>
			<key>sourceTree</key>
			<string>&lt;group&gt;</string>
		</dict>
		<key>E08532C7199E9EC000EAB8DE</key>
		<dict>
			<key>fileRef</key>
			<string>E08532C5199E9EC000EAB8DE</string>
			<key>isa</key>
			<string>PBXBuildFile</string>
		</dict>
		<key>E08532C8199E9EC000EAB8DE</key>
		<dict>
			<key>isa</key>
			<string>PBXFileReference</string>
			<key>lastKnownFileType</key>
			<string>sourcecode.c.objc</string>
			<key>path</key>
			<string>MarcoPoloTests.m</string>
			<key>sourceTree</key>
			<string>&lt;group&gt;</string>
		</dict>
		<key>E08532C9199E9EC000EAB8DE</key>
		<dict>
			<key>fileRef</key>
			<string>E08532C8199E9EC000EAB8DE</string>
			<key>isa</key>
			<string>PBXBuildFile</string>
		</dict>
		<key>E08532CA199E9EC000EAB8DE</key>
		<dict>
			<key>buildSettings</key>
			<dict>
				<key>ALWAYS_SEARCH_USER_PATHS</key>
				<string>NO</string>
				<key>CLANG_CXX_LANGUAGE_STANDARD</key>
				<string>gnu++0x</string>
				<key>CLANG_CXX_LIBRARY</key>
				<string>libc++</string>
				<key>CLANG_ENABLE_MODULES</key>
				<string>YES</string>
				<key>CLANG_ENABLE_OBJC_ARC</key>
				<string>YES</string>
				<key>CLANG_WARN_BOOL_CONVERSION</key>
				<string>YES</string>
				<key>CLANG_WARN_CONSTANT_CONVERSION</key>
				<string>YES</string>
				<key>CLANG_WARN_DIRECT_OBJC_ISA_USAGE</key>
				<string>YES_ERROR</string>
				<key>CLANG_WARN_EMPTY_BODY</key>
				<string>YES</string>
				<key>CLANG_WARN_ENUM_CONVERSION</key>
				<string>YES</string>
				<key>CLANG_WARN_INT_CONVERSION</key>
				<string>YES</string>
				<key>CLANG_WARN_OBJC_ROOT_CLASS</key>
				<string>YES_ERROR</string>
				<key>CLANG_WARN__DUPLICATE_METHOD_MATCH</key>
				<string>YES</string>
				<key>CODE_SIGN_IDENTITY[sdk=iphoneos*]</key>
				<string>iPhone Developer</string>
				<key>COPY_PHASE_STRIP</key>
				<string>NO</string>
				<key>GCC_C_LANGUAGE_STANDARD</key>
				<string>gnu99</string>
				<key>GCC_DYNAMIC_NO_PIC</key>
				<string>NO</string>
				<key>GCC_OPTIMIZATION_LEVEL</key>
				<string>0</string>
				<key>GCC_PREPROCESSOR_DEFINITIONS</key>
				<array>
					<string>DEBUG=1</string>
					<string>$(inherited)</string>
				</array>
				<key>GCC_SYMBOLS_PRIVATE_EXTERN</key>
				<string>NO</string>
				<key>GCC_WARN_64_TO_32_BIT_CONVERSION</key>
				<string>YES</string>
				<key>GCC_WARN_ABOUT_RETURN_TYPE</key>
				<string>YES_ERROR</string>
				<key>GCC_WARN_UNDECLARED_SELECTOR</key>
				<string>YES</string>
				<key>GCC_WARN_UNINITIALIZED_AUTOS</key>
				<string>YES_AGGRESSIVE</string>
				<key>GCC_WARN_UNUSED_FUNCTION</key>
				<string>YES</string>
				<key>GCC_WARN_UNUSED_VARIABLE</key>
				<string>YES</string>
				<key>IPHONEOS_DEPLOYMENT_TARGET</key>
				<string>7.1</string>
				<key>ONLY_ACTIVE_ARCH</key>
				<string>YES</string>
				<key>SDKROOT</key>
				<string>iphoneos</string>
				<key>TARGETED_DEVICE_FAMILY</key>
				<string>1,2</string>
			</dict>
			<key>isa</key>
			<string>XCBuildConfiguration</string>
			<key>name</key>
			<string>Debug</string>
		</dict>
		<key>E08532CB199E9EC000EAB8DE</key>
		<dict>
			<key>buildSettings</key>
			<dict>
				<key>ALWAYS_SEARCH_USER_PATHS</key>
				<string>NO</string>
				<key>CLANG_CXX_LANGUAGE_STANDARD</key>
				<string>gnu++0x</string>
				<key>CLANG_CXX_LIBRARY</key>
				<string>libc++</string>
				<key>CLANG_ENABLE_MODULES</key>
				<string>YES</string>
				<key>CLANG_ENABLE_OBJC_ARC</key>
				<string>YES</string>
				<key>CLANG_WARN_BOOL_CONVERSION</key>
				<string>YES</string>
				<key>CLANG_WARN_CONSTANT_CONVERSION</key>
				<string>YES</string>
				<key>CLANG_WARN_DIRECT_OBJC_ISA_USAGE</key>
				<string>YES_ERROR</string>
				<key>CLANG_WARN_EMPTY_BODY</key>
				<string>YES</string>
				<key>CLANG_WARN_ENUM_CONVERSION</key>
				<string>YES</string>
				<key>CLANG_WARN_INT_CONVERSION</key>
				<string>YES</string>
				<key>CLANG_WARN_OBJC_ROOT_CLASS</key>
				<string>YES_ERROR</string>
				<key>CLANG_WARN__DUPLICATE_METHOD_MATCH</key>
				<string>YES</string>
				<key>CODE_SIGN_IDENTITY[sdk=iphoneos*]</key>
				<string>iPhone Developer</string>
				<key>COPY_PHASE_STRIP</key>
				<string>YES</string>
				<key>ENABLE_NS_ASSERTIONS</key>
				<string>NO</string>
				<key>GCC_C_LANGUAGE_STANDARD</key>
				<string>gnu99</string>
				<key>GCC_WARN_64_TO_32_BIT_CONVERSION</key>
				<string>YES</string>
				<key>GCC_WARN_ABOUT_RETURN_TYPE</key>
				<string>YES_ERROR</string>
				<key>GCC_WARN_UNDECLARED_SELECTOR</key>
				<string>YES</string>
				<key>GCC_WARN_UNINITIALIZED_AUTOS</key>
				<string>YES_AGGRESSIVE</string>
				<key>GCC_WARN_UNUSED_FUNCTION</key>
				<string>YES</string>
				<key>GCC_WARN_UNUSED_VARIABLE</key>
				<string>YES</string>
				<key>IPHONEOS_DEPLOYMENT_TARGET</key>
				<string>7.1</string>
				<key>SDKROOT</key>
				<string>iphoneos</string>
				<key>TARGETED_DEVICE_FAMILY</key>
				<string>1,2</string>
				<key>VALIDATE_PRODUCT</key>
				<string>YES</string>
			</dict>
			<key>isa</key>
			<string>XCBuildConfiguration</string>
			<key>name</key>
			<string>Release</string>
		</dict>
		<key>E08532CC199E9EC000EAB8DE</key>
		<dict>
			<key>buildConfigurations</key>
			<array>
				<string>E08532CD199E9EC000EAB8DE</string>
				<string>E08532CE199E9EC000EAB8DE</string>
			</array>
			<key>defaultConfigurationIsVisible</key>
			<string>0</string>
			<key>defaultConfigurationName</key>
			<string>Release</string>
			<key>isa</key>
			<string>XCConfigurationList</string>
		</dict>
		<key>E08532CD199E9EC000EAB8DE</key>
		<dict>
			<key>baseConfigurationReference</key>
			<string>6C98C11763F6FD5F56113026</string>
			<key>buildSettings</key>
			<dict>
				<key>ASSETCATALOG_COMPILER_APPICON_NAME</key>
				<string>AppIcon</string>
				<key>ASSETCATALOG_COMPILER_LAUNCHIMAGE_NAME</key>
				<string>LaunchImage</string>
				<key>GCC_PRECOMPILE_PREFIX_HEADER</key>
				<string>YES</string>
				<key>GCC_PREFIX_HEADER</key>
				<string>MarcoPolo/MarcoPolo-Prefix.pch</string>
				<key>INFOPLIST_FILE</key>
				<string>MarcoPolo/MarcoPolo-Info.plist</string>
				<key>PRODUCT_NAME</key>
				<string>$(TARGET_NAME)</string>
				<key>WRAPPER_EXTENSION</key>
				<string>app</string>
			</dict>
			<key>isa</key>
			<string>XCBuildConfiguration</string>
			<key>name</key>
			<string>Debug</string>
		</dict>
		<key>E08532CE199E9EC000EAB8DE</key>
		<dict>
			<key>baseConfigurationReference</key>
			<string>E075C17DA644321BF886DFC4</string>
			<key>buildSettings</key>
			<dict>
				<key>ASSETCATALOG_COMPILER_APPICON_NAME</key>
				<string>AppIcon</string>
				<key>ASSETCATALOG_COMPILER_LAUNCHIMAGE_NAME</key>
				<string>LaunchImage</string>
				<key>GCC_PRECOMPILE_PREFIX_HEADER</key>
				<string>YES</string>
				<key>GCC_PREFIX_HEADER</key>
				<string>MarcoPolo/MarcoPolo-Prefix.pch</string>
				<key>INFOPLIST_FILE</key>
				<string>MarcoPolo/MarcoPolo-Info.plist</string>
				<key>PRODUCT_NAME</key>
				<string>$(TARGET_NAME)</string>
				<key>WRAPPER_EXTENSION</key>
				<string>app</string>
			</dict>
			<key>isa</key>
			<string>XCBuildConfiguration</string>
			<key>name</key>
			<string>Release</string>
		</dict>
		<key>E08532CF199E9EC000EAB8DE</key>
		<dict>
			<key>buildConfigurations</key>
			<array>
				<string>E08532D0199E9EC000EAB8DE</string>
				<string>E08532D1199E9EC000EAB8DE</string>
			</array>
			<key>defaultConfigurationIsVisible</key>
			<string>0</string>
			<key>defaultConfigurationName</key>
			<string>Release</string>
			<key>isa</key>
			<string>XCConfigurationList</string>
		</dict>
		<key>E08532D0199E9EC000EAB8DE</key>
		<dict>
			<key>buildSettings</key>
			<dict>
				<key>BUNDLE_LOADER</key>
				<string>$(BUILT_PRODUCTS_DIR)/MarcoPolo.app/MarcoPolo</string>
				<key>FRAMEWORK_SEARCH_PATHS</key>
				<array>
					<string>$(SDKROOT)/Developer/Library/Frameworks</string>
					<string>$(inherited)</string>
					<string>$(DEVELOPER_FRAMEWORKS_DIR)</string>
				</array>
				<key>GCC_PRECOMPILE_PREFIX_HEADER</key>
				<string>YES</string>
				<key>GCC_PREFIX_HEADER</key>
				<string>MarcoPolo/MarcoPolo-Prefix.pch</string>
				<key>GCC_PREPROCESSOR_DEFINITIONS</key>
				<array>
					<string>DEBUG=1</string>
					<string>$(inherited)</string>
				</array>
				<key>INFOPLIST_FILE</key>
				<string>MarcoPoloTests/MarcoPoloTests-Info.plist</string>
				<key>PRODUCT_NAME</key>
				<string>$(TARGET_NAME)</string>
				<key>TEST_HOST</key>
				<string>$(BUNDLE_LOADER)</string>
				<key>WRAPPER_EXTENSION</key>
				<string>xctest</string>
			</dict>
			<key>isa</key>
			<string>XCBuildConfiguration</string>
			<key>name</key>
			<string>Debug</string>
		</dict>
		<key>E08532D1199E9EC000EAB8DE</key>
		<dict>
			<key>buildSettings</key>
			<dict>
				<key>BUNDLE_LOADER</key>
				<string>$(BUILT_PRODUCTS_DIR)/MarcoPolo.app/MarcoPolo</string>
				<key>FRAMEWORK_SEARCH_PATHS</key>
				<array>
					<string>$(SDKROOT)/Developer/Library/Frameworks</string>
					<string>$(inherited)</string>
					<string>$(DEVELOPER_FRAMEWORKS_DIR)</string>
				</array>
				<key>GCC_PRECOMPILE_PREFIX_HEADER</key>
				<string>YES</string>
				<key>GCC_PREFIX_HEADER</key>
				<string>MarcoPolo/MarcoPolo-Prefix.pch</string>
				<key>INFOPLIST_FILE</key>
				<string>MarcoPoloTests/MarcoPoloTests-Info.plist</string>
				<key>PRODUCT_NAME</key>
				<string>$(TARGET_NAME)</string>
				<key>TEST_HOST</key>
				<string>$(BUNDLE_LOADER)</string>
				<key>WRAPPER_EXTENSION</key>
				<string>xctest</string>
			</dict>
			<key>isa</key>
			<string>XCBuildConfiguration</string>
			<key>name</key>
			<string>Release</string>
		</dict>
	</dict>
	<key>rootObject</key>
	<string>E0853298199E9EC000EAB8DE</string>
</dict>
</plist>
